# generated by rye
# use `rye lock` or `rye sync` to update this lockfile
#
# last locked with the following flags:
#   pre: false
#   features: []
#   all-features: false
#   with-sources: false

-e file:.
beautifulsoup4==4.12.3
    # via goo-gl-archives
certifi==2024.7.4
    # via requests
charset-normalizer==3.3.2
    # via requests
greenlet==3.0.3
    # via sqlalchemy
idna==3.7
    # via requests
requests==2.32.3
    # via goo-gl-archives
soupsieve==2.5
    # via beautifulsoup4
sqlalchemy==2.0.31
    # via goo-gl-archives
typing-extensions==4.12.2
    # via sqlalchemy
urllib3==2.2.2
    # via requests
