# generated by rye
# use `rye lock` or `rye sync` to update this lockfile
#
# last locked with the following flags:
#   pre: false
#   features: []
#   all-features: false
#   with-sources: false

-e file:.
beautifulsoup4==4.12.3
    # via goo-gl-archives
certifi==2024.7.4
    # via requests
cfgv==3.4.0
    # via pre-commit
charset-normalizer==3.3.2
    # via requests
distlib==0.3.8
    # via virtualenv
filelock==3.14.0
    # via virtualenv
greenlet==3.0.3
    # via sqlalchemy
identify==2.5.36
    # via pre-commit
idna==3.7
    # via requests
iniconfig==2.0.0
    # via pytest
nodeenv==1.8.0
    # via pre-commit
packaging==24.0
    # via pytest
platformdirs==4.2.1
    # via virtualenv
pluggy==1.5.0
    # via pytest
pre-commit==3.7.1
pytest==8.2.0
pyyaml==6.0.1
    # via pre-commit
requests==2.32.3
    # via goo-gl-archives
ruff==0.4.4
soupsieve==2.5
    # via beautifulsoup4
sqlalchemy==2.0.31
    # via goo-gl-archives
tqdm==4.66.4
    # via goo-gl-archives
typing-extensions==4.12.2
    # via sqlalchemy
urllib3==2.2.2
    # via requests
virtualenv==20.26.1
    # via pre-commit
setuptools==69.5.1
    # via nodeenv
